
Microsoft Visual Studio Solution File, Format Version 12.00
# Visual Studio Version 16
VisualStudioVersion = 16.0.31105.61
MinimumVisualStudioVersion = 10.0.40219.1
Project("{9A19103F-16F7-4668-BE54-9A1E7A4F7556}") = "ClassIntro", "YazilimKampi\ClassIntro.csproj", "{96513CE5-EE67-4368-AB6E-9437CBF51681}"
EndProject
Project("{9A19103F-16F7-4668-BE54-9A1E7A4F7556}") = "ClassDemo", "ClassDemo\ClassDemo.csproj", "{A68A184B-6CC4-4C15-B784-B8CA3FA59F86}"
EndProject
Project("{9A19103F-16F7-4668-BE54-9A1E7A4F7556}") = "Methods", "Methods\Methods.csproj", "{9B86D1E4-4063-4344-946D-BCB831426286}"
EndProject
Project("{9A19103F-16F7-4668-BE54-9A1E7A4F7556}") = "Math", "Math\Math.csproj", "{BEB26688-44D0-46E3-9560-CDB6644DF31E}"
EndProject
Project("{9A19103F-16F7-4668-BE54-9A1E7A4F7556}") = "ValueAndReferenceTypes", "ValueAndReferenceTypes\ValueAndReferenceTypes.csproj", "{AC5A0DA7-1D79-440D-9526-B7A7D98AD45C}"
EndProject
Project("{9A19103F-16F7-4668-BE54-9A1E7A4F7556}") = "OOP1", "OOP1\OOP1.csproj", "{E1A3BED8-4ABF-45C9-9BA2-40B59A9B8F7A}"
EndProject
Project("{9A19103F-16F7-4668-BE54-9A1E7A4F7556}") = "Collections", "Collections\Collections.csproj", "{8A91FD5B-76A7-4D14-A680-03040D8086FB}"
EndProject
Project("{9A19103F-16F7-4668-BE54-9A1E7A4F7556}") = "Constructors", "Constructors\Constructors.csproj", "{6D9A24F4-4BD9-4182-8F20-7A8879E8FFE3}"
EndProject
Project("{9A19103F-16F7-4668-BE54-9A1E7A4F7556}") = "Generics", "Generics\Generics.csproj", "{EFA8E05B-7AB8-4416-9E61-4669E47EA1B8}"
EndProject
Project("{9A19103F-16F7-4668-BE54-9A1E7A4F7556}") = "MyDictionary", "MyDictionary\MyDictionary.csproj", "{64361DC6-36F2-4C6C-8EB1-F276E4AE57F0}"
EndProject
Project("{9A19103F-16F7-4668-BE54-9A1E7A4F7556}") = "OOP2", "OOP2\OOP2.csproj", "{42731FF8-BC24-402A-A69D-730389323798}"
EndProject
Project("{9A19103F-16F7-4668-BE54-9A1E7A4F7556}") = "OOP3", "OOP3\OOP3.csproj", "{076B4F67-1076-41EC-A7D6-5D081F7E299B}"
EndProject
Project("{FAE04EC0-301F-11D3-BF4B-00C04F79EFBC}") = "RecapDemo", "RecapDemo\RecapDemo.csproj", "{672EAE71-A216-4D97-85BA-5F74E5ADE5D0}"
EndProject
Project("{9A19103F-16F7-4668-BE54-9A1E7A4F7556}") = "Interfaces", "Interfaces\Interfaces.csproj", "{B0430BAB-D2D7-40D8-83B5-1A38D7621719}"
EndProject
Project("{FAE04EC0-301F-11D3-BF4B-00C04F79EFBC}") = "InterfacesDemo", "InterfacesDemo\InterfacesDemo.csproj", "{D12C8071-E064-434F-B174-FE58BEB4605A}"
EndProject
Project("{FAE04EC0-301F-11D3-BF4B-00C04F79EFBC}") = "Inheritance", "Inheritance\Inheritance.csproj", "{F06C8EC7-0CC7-4486-BF0F-08944EFC0923}"
EndProject
Global
	GlobalSection(SolutionConfigurationPlatforms) = preSolution
		Debug|Any CPU = Debug|Any CPU
		Release|Any CPU = Release|Any CPU
	EndGlobalSection
	GlobalSection(ProjectConfigurationPlatforms) = postSolution
		{96513CE5-EE67-4368-AB6E-9437CBF51681}.Debug|Any CPU.ActiveCfg = Debug|Any CPU
		{96513CE5-EE67-4368-AB6E-9437CBF51681}.Debug|Any CPU.Build.0 = Debug|Any CPU
		{96513CE5-EE67-4368-AB6E-9437CBF51681}.Release|Any CPU.ActiveCfg = Release|Any CPU
		{96513CE5-EE67-4368-AB6E-9437CBF51681}.Release|Any CPU.Build.0 = Release|Any CPU
		{A68A184B-6CC4-4C15-B784-B8CA3FA59F86}.Debug|Any CPU.ActiveCfg = Debug|Any CPU
		{A68A184B-6CC4-4C15-B784-B8CA3FA59F86}.Debug|Any CPU.Build.0 = Debug|Any CPU
		{A68A184B-6CC4-4C15-B784-B8CA3FA59F86}.Release|Any CPU.ActiveCfg = Release|Any CPU
		{A68A184B-6CC4-4C15-B784-B8CA3FA59F86}.Release|Any CPU.Build.0 = Release|Any CPU
		{9B86D1E4-4063-4344-946D-BCB831426286}.Debug|Any CPU.ActiveCfg = Debug|Any CPU
		{9B86D1E4-4063-4344-946D-BCB831426286}.Debug|Any CPU.Build.0 = Debug|Any CPU
		{9B86D1E4-4063-4344-946D-BCB831426286}.Release|Any CPU.ActiveCfg = Release|Any CPU
		{9B86D1E4-4063-4344-946D-BCB831426286}.Release|Any CPU.Build.0 = Release|Any CPU
		{BEB26688-44D0-46E3-9560-CDB6644DF31E}.Debug|Any CPU.ActiveCfg = Debug|Any CPU
		{BEB26688-44D0-46E3-9560-CDB6644DF31E}.Debug|Any CPU.Build.0 = Debug|Any CPU
		{BEB26688-44D0-46E3-9560-CDB6644DF31E}.Release|Any CPU.ActiveCfg = Release|Any CPU
		{BEB26688-44D0-46E3-9560-CDB6644DF31E}.Release|Any CPU.Build.0 = Release|Any CPU
		{AC5A0DA7-1D79-440D-9526-B7A7D98AD45C}.Debug|Any CPU.ActiveCfg = Debug|Any CPU
		{AC5A0DA7-1D79-440D-9526-B7A7D98AD45C}.Debug|Any CPU.Build.0 = Debug|Any CPU
		{AC5A0DA7-1D79-440D-9526-B7A7D98AD45C}.Release|Any CPU.ActiveCfg = Release|Any CPU
		{AC5A0DA7-1D79-440D-9526-B7A7D98AD45C}.Release|Any CPU.Build.0 = Release|Any CPU
		{E1A3BED8-4ABF-45C9-9BA2-40B59A9B8F7A}.Debug|Any CPU.ActiveCfg = Debug|Any CPU
		{E1A3BED8-4ABF-45C9-9BA2-40B59A9B8F7A}.Debug|Any CPU.Build.0 = Debug|Any CPU
		{E1A3BED8-4ABF-45C9-9BA2-40B59A9B8F7A}.Release|Any CPU.ActiveCfg = Release|Any CPU
		{E1A3BED8-4ABF-45C9-9BA2-40B59A9B8F7A}.Release|Any CPU.Build.0 = Release|Any CPU
		{8A91FD5B-76A7-4D14-A680-03040D8086FB}.Debug|Any CPU.ActiveCfg = Debug|Any CPU
		{8A91FD5B-76A7-4D14-A680-03040D8086FB}.Debug|Any CPU.Build.0 = Debug|Any CPU
		{8A91FD5B-76A7-4D14-A680-03040D8086FB}.Release|Any CPU.ActiveCfg = Release|Any CPU
		{8A91FD5B-76A7-4D14-A680-03040D8086FB}.Release|Any CPU.Build.0 = Release|Any CPU
		{6D9A24F4-4BD9-4182-8F20-7A8879E8FFE3}.Debug|Any CPU.ActiveCfg = Debug|Any CPU
		{6D9A24F4-4BD9-4182-8F20-7A8879E8FFE3}.Debug|Any CPU.Build.0 = Debug|Any CPU
		{6D9A24F4-4BD9-4182-8F20-7A8879E8FFE3}.Release|Any CPU.ActiveCfg = Release|Any CPU
		{6D9A24F4-4BD9-4182-8F20-7A8879E8FFE3}.Release|Any CPU.Build.0 = Release|Any CPU
		{EFA8E05B-7AB8-4416-9E61-4669E47EA1B8}.Debug|Any CPU.ActiveCfg = Debug|Any CPU
		{EFA8E05B-7AB8-4416-9E61-4669E47EA1B8}.Debug|Any CPU.Build.0 = Debug|Any CPU
		{EFA8E05B-7AB8-4416-9E61-4669E47EA1B8}.Release|Any CPU.ActiveCfg = Release|Any CPU
		{EFA8E05B-7AB8-4416-9E61-4669E47EA1B8}.Release|Any CPU.Build.0 = Release|Any CPU
		{64361DC6-36F2-4C6C-8EB1-F276E4AE57F0}.Debug|Any CPU.ActiveCfg = Debug|Any CPU
		{64361DC6-36F2-4C6C-8EB1-F276E4AE57F0}.Debug|Any CPU.Build.0 = Debug|Any CPU
		{64361DC6-36F2-4C6C-8EB1-F276E4AE57F0}.Release|Any CPU.ActiveCfg = Release|Any CPU
		{64361DC6-36F2-4C6C-8EB1-F276E4AE57F0}.Release|Any CPU.Build.0 = Release|Any CPU
		{42731FF8-BC24-402A-A69D-730389323798}.Debug|Any CPU.ActiveCfg = Debug|Any CPU
		{42731FF8-BC24-402A-A69D-730389323798}.Debug|Any CPU.Build.0 = Debug|Any CPU
		{42731FF8-BC24-402A-A69D-730389323798}.Release|Any CPU.ActiveCfg = Release|Any CPU
		{42731FF8-BC24-402A-A69D-730389323798}.Release|Any CPU.Build.0 = Release|Any CPU
		{076B4F67-1076-41EC-A7D6-5D081F7E299B}.Debug|Any CPU.ActiveCfg = Debug|Any CPU
		{076B4F67-1076-41EC-A7D6-5D081F7E299B}.Debug|Any CPU.Build.0 = Debug|Any CPU
		{076B4F67-1076-41EC-A7D6-5D081F7E299B}.Release|Any CPU.ActiveCfg = Release|Any CPU
		{076B4F67-1076-41EC-A7D6-5D081F7E299B}.Release|Any CPU.Build.0 = Release|Any CPU
		{672EAE71-A216-4D97-85BA-5F74E5ADE5D0}.Debug|Any CPU.ActiveCfg = Debug|Any CPU
		{672EAE71-A216-4D97-85BA-5F74E5ADE5D0}.Debug|Any CPU.Build.0 = Debug|Any CPU
		{672EAE71-A216-4D97-85BA-5F74E5ADE5D0}.Release|Any CPU.ActiveCfg = Release|Any CPU
		{672EAE71-A216-4D97-85BA-5F74E5ADE5D0}.Release|Any CPU.Build.0 = Release|Any CPU
		{B0430BAB-D2D7-40D8-83B5-1A38D7621719}.Debug|Any CPU.ActiveCfg = Debug|Any CPU
		{B0430BAB-D2D7-40D8-83B5-1A38D7621719}.Debug|Any CPU.Build.0 = Debug|Any CPU
		{B0430BAB-D2D7-40D8-83B5-1A38D7621719}.Release|Any CPU.ActiveCfg = Release|Any CPU
		{B0430BAB-D2D7-40D8-83B5-1A38D7621719}.Release|Any CPU.Build.0 = Release|Any CPU
		{D12C8071-E064-434F-B174-FE58BEB4605A}.Debug|Any CPU.ActiveCfg = Debug|Any CPU
		{D12C8071-E064-434F-B174-FE58BEB4605A}.Debug|Any CPU.Build.0 = Debug|Any CPU
		{D12C8071-E064-434F-B174-FE58BEB4605A}.Release|Any CPU.ActiveCfg = Release|Any CPU
		{D12C8071-E064-434F-B174-FE58BEB4605A}.Release|Any CPU.Build.0 = Release|Any CPU
		{F06C8EC7-0CC7-4486-BF0F-08944EFC0923}.Debug|Any CPU.ActiveCfg = Debug|Any CPU
		{F06C8EC7-0CC7-4486-BF0F-08944EFC0923}.Debug|Any CPU.Build.0 = Debug|Any CPU
		{F06C8EC7-0CC7-4486-BF0F-08944EFC0923}.Release|Any CPU.ActiveCfg = Release|Any CPU
		{F06C8EC7-0CC7-4486-BF0F-08944EFC0923}.Release|Any CPU.Build.0 = Release|Any CPU
	EndGlobalSection
	GlobalSection(SolutionProperties) = preSolution
		HideSolutionNode = FALSE
	EndGlobalSection
	GlobalSection(ExtensibilityGlobals) = postSolution
		SolutionGuid = {275CE384-9FD3-49AF-8D27-9F3B24301402}
	EndGlobalSection
EndGlobal
